
Microsoft Visual Studio Solution File, Format Version 12.00
# Visual Studio 15
VisualStudioVersion = 15.0.28010.2003
MinimumVisualStudioVersion = 10.0.40219.1
Project("{FAE04EC0-301F-11D3-BF4B-00C04F79EFBC}") = "Assignment1", "Assignment1\Assignment1.csproj", "{0A3289AA-627B-41E7-A6EF-CBCAED606856}"
EndProject
Global
	GlobalSection(SolutionConfigurationPlatforms) = preSolution
		Debug|Any CPU = Debug|Any CPU
		Release|Any CPU = Release|Any CPU
	EndGlobalSection
	GlobalSection(ProjectConfigurationPlatforms) = postSolution
		{0A3289AA-627B-41E7-A6EF-CBCAED606856}.Debug|Any CPU.ActiveCfg = Debug|Any CPU
		{0A3289AA-627B-41E7-A6EF-CBCAED606856}.Debug|Any CPU.Build.0 = Debug|Any CPU
		{0A3289AA-627B-41E7-A6EF-CBCAED606856}.Release|Any CPU.ActiveCfg = Release|Any CPU
		{0A3289AA-627B-41E7-A6EF-CBCAED606856}.Release|Any CPU.Build.0 = Release|Any CPU
	EndGlobalSection
	GlobalSection(SolutionProperties) = preSolution
		HideSolutionNode = FALSE
	EndGlobalSection
	GlobalSection(ExtensibilityGlobals) = postSolution
		SolutionGuid = {A8CA1529-5F64-4E46-9990-4337D2BB20B2}
	EndGlobalSection
EndGlobal
